
Microsoft Visual Studio Solution File, Format Version 12.00
# Visual Studio Version 17
VisualStudioVersion = 17.1.32210.238
MinimumVisualStudioVersion = 10.0.40219.1
Project("{FAE04EC0-301F-11D3-BF4B-00C04F79EFBC}") = "ChenGang1216RESWindowsFormsApp", "ChenGang1216RESWindowsFormsApp\ChenGang1216RESWindowsFormsApp.csproj", "{B6EA9235-7C85-4886-90CA-983D713730C2}"
EndProject
Global
	GlobalSection(SolutionConfigurationPlatforms) = preSolution
		Debug|Any CPU = Debug|Any CPU
		Release|Any CPU = Release|Any CPU
	EndGlobalSection
	GlobalSection(ProjectConfigurationPlatforms) = postSolution
		{B6EA9235-7C85-4886-90CA-983D713730C2}.Debug|Any CPU.ActiveCfg = Debug|Any CPU
		{B6EA9235-7C85-4886-90CA-983D713730C2}.Debug|Any CPU.Build.0 = Debug|Any CPU
		{B6EA9235-7C85-4886-90CA-983D713730C2}.Release|Any CPU.ActiveCfg = Release|Any CPU
		{B6EA9235-7C85-4886-90CA-983D713730C2}.Release|Any CPU.Build.0 = Release|Any CPU
	EndGlobalSection
	GlobalSection(SolutionProperties) = preSolution
		HideSolutionNode = FALSE
	EndGlobalSection
	GlobalSection(ExtensibilityGlobals) = postSolution
		SolutionGuid = {610900D5-1503-41A9-B32B-E4867FD06717}
	EndGlobalSection
EndGlobal
